
Microsoft Visual Studio Solution File, Format Version 12.00
Project("{FAE04EC0-301F-11D3-BF4B-00C04F79EFBC}") = "PayrollApp", "PayrollApp.csproj", "{8C1F7E38-C7F2-4194-874F-CB67B3FD9623}"
EndProject
Global
	GlobalSection(SolutionConfigurationPlatforms) = preSolution
		Debug|Any CPU = Debug|Any CPU
		Release|Any CPU = Release|Any CPU
	EndGlobalSection
	GlobalSection(ProjectConfigurationPlatforms) = postSolution
		{8C1F7E38-C7F2-4194-874F-CB67B3FD9623}.Debug|Any CPU.ActiveCfg = Debug|Any CPU
		{8C1F7E38-C7F2-4194-874F-CB67B3FD9623}.Debug|Any CPU.Build.0 = Debug|Any CPU
		{8C1F7E38-C7F2-4194-874F-CB67B3FD9623}.Release|Any CPU.ActiveCfg = Release|Any CPU
		{8C1F7E38-C7F2-4194-874F-CB67B3FD9623}.Release|Any CPU.Build.0 = Release|Any CPU
	EndGlobalSection
EndGlobal
